// !$*UTF8*$!
{
	archiveVersion = 1;
	classes = {
	};
	objectVersion = 50;
	objects = {

/* Begin PBXBuildFile section */
		045FBA632644242A0067C782 /* TextExtractorVC.swift in Sources */ = {isa = PBXBuildFile; fileRef = 045FBA622644242A0067C782 /* TextExtractorVC.swift */; };
		045FBA6C2644292E0067C782 /* CGPoint+Ext.swift in Sources */ = {isa = PBXBuildFile; fileRef = 045FBA6B2644292E0067C782 /* CGPoint+Ext.swift */; };
		045FBA7026442D160067C782 /* UIScreen+Ext.swift in Sources */ = {isa = PBXBuildFile; fileRef = 045FBA6F26442D160067C782 /* UIScreen+Ext.swift */; };
		045FBA7226442EE60067C782 /* MainVCView.swift in Sources */ = {isa = PBXBuildFile; fileRef = 045FBA7126442EE60067C782 /* MainVCView.swift */; };
		045FBA7626442F090067C782 /* TextExtractorVCView.swift in Sources */ = {isa = PBXBuildFile; fileRef = 045FBA7526442F090067C782 /* TextExtractorVCView.swift */; };
		1E5C777123DEF09B00AEB4C5 /* AppDelegate.swift in Sources */ = {isa = PBXBuildFile; fileRef = 1E5C777023DEF09B00AEB4C5 /* AppDelegate.swift */; };
		1E5C777323DEF09B00AEB4C5 /* SceneDelegate.swift in Sources */ = {isa = PBXBuildFile; fileRef = 1E5C777223DEF09B00AEB4C5 /* SceneDelegate.swift */; };
		1E5C777523DEF09B00AEB4C5 /* MainVC.swift in Sources */ = {isa = PBXBuildFile; fileRef = 1E5C777423DEF09B00AEB4C5 /* MainVC.swift */; };
		1E5C777A23DEF09F00AEB4C5 /* Assets.xcassets in Resources */ = {isa = PBXBuildFile; fileRef = 1E5C777923DEF09F00AEB4C5 /* Assets.xcassets */; };
		1E5C777D23DEF09F00AEB4C5 /* LaunchScreen.storyboard in Resources */ = {isa = PBXBuildFile; fileRef = 1E5C777B23DEF09F00AEB4C5 /* LaunchScreen.storyboard */; };
/* End PBXBuildFile section */

/* Begin PBXFileReference section */
		045FBA622644242A0067C782 /* TextExtractorVC.swift */ = {isa = PBXFileReference; fileEncoding = 4; lastKnownFileType = sourcecode.swift; path = TextExtractorVC.swift; sourceTree = "<group>"; };
		045FBA6B2644292E0067C782 /* CGPoint+Ext.swift */ = {isa = PBXFileReference; lastKnownFileType = sourcecode.swift; path = "CGPoint+Ext.swift"; sourceTree = "<group>"; };
		045FBA6F26442D160067C782 /* UIScreen+Ext.swift */ = {isa = PBXFileReference; lastKnownFileType = sourcecode.swift; path = "UIScreen+Ext.swift"; sourceTree = "<group>"; };
		045FBA7126442EE60067C782 /* MainVCView.swift */ = {isa = PBXFileReference; lastKnownFileType = sourcecode.swift; path = MainVCView.swift; sourceTree = "<group>"; };
		045FBA7526442F090067C782 /* TextExtractorVCView.swift */ = {isa = PBXFileReference; lastKnownFileType = sourcecode.swift; path = TextExtractorVCView.swift; sourceTree = "<group>"; };
		1E5C776D23DEF09B00AEB4C5 /* VisionCreditScan.app */ = {isa = PBXFileReference; explicitFileType = wrapper.application; includeInIndex = 0; path = VisionCreditScan.app; sourceTree = BUILT_PRODUCTS_DIR; };
		1E5C777023DEF09B00AEB4C5 /* AppDelegate.swift */ = {isa = PBXFileReference; lastKnownFileType = sourcecode.swift; path = AppDelegate.swift; sourceTree = "<group>"; };
		1E5C777223DEF09B00AEB4C5 /* SceneDelegate.swift */ = {isa = PBXFileReference; lastKnownFileType = sourcecode.swift; path = SceneDelegate.swift; sourceTree = "<group>"; };
		1E5C777423DEF09B00AEB4C5 /* MainVC.swift */ = {isa = PBXFileReference; lastKnownFileType = sourcecode.swift; path = MainVC.swift; sourceTree = "<group>"; };
		1E5C777923DEF09F00AEB4C5 /* Assets.xcassets */ = {isa = PBXFileReference; lastKnownFileType = folder.assetcatalog; path = Assets.xcassets; sourceTree = "<group>"; };
		1E5C777C23DEF09F00AEB4C5 /* Base */ = {isa = PBXFileReference; lastKnownFileType = file.storyboard; name = Base; path = Base.lproj/LaunchScreen.storyboard; sourceTree = "<group>"; };
		1E5C777E23DEF09F00AEB4C5 /* Info.plist */ = {isa = PBXFileReference; lastKnownFileType = text.plist.xml; path = Info.plist; sourceTree = "<group>"; };
/* End PBXFileReference section */

/* Begin PBXFrameworksBuildPhase section */
		1E5C776A23DEF09B00AEB4C5 /* Frameworks */ = {
			isa = PBXFrameworksBuildPhase;
			buildActionMask = 2147483647;
			files = (
			);
			runOnlyForDeploymentPostprocessing = 0;
		};
/* End PBXFrameworksBuildPhase section */

/* Begin PBXGroup section */
		045FBA64264424EA0067C782 /* AppDelegate */ = {
			isa = PBXGroup;
			children = (
				1E5C777023DEF09B00AEB4C5 /* AppDelegate.swift */,
			);
			path = AppDelegate;
			sourceTree = "<group>";
		};
		045FBA65264424F60067C782 /* SceneDelegate */ = {
			isa = PBXGroup;
			children = (
				1E5C777223DEF09B00AEB4C5 /* SceneDelegate.swift */,
			);
			path = SceneDelegate;
			sourceTree = "<group>";
		};
		045FBA662644252D0067C782 /* UserStory */ = {
			isa = PBXGroup;
			children = (
				045FBA7426442EFA0067C782 /* TextExtractorVC */,
				045FBA7326442EEB0067C782 /* MainVC */,
			);
			path = UserStory;
			sourceTree = "<group>";
		};
		045FBA67264425370067C782 /* Resources */ = {
			isa = PBXGroup;
			children = (
				1E5C777923DEF09F00AEB4C5 /* Assets.xcassets */,
				1E5C777B23DEF09F00AEB4C5 /* LaunchScreen.storyboard */,
			);
			path = Resources;
			sourceTree = "<group>";
		};
		045FBA68264425400067C782 /* BundleFiles */ = {
			isa = PBXGroup;
			children = (
				1E5C777E23DEF09F00AEB4C5 /* Info.plist */,
			);
			path = BundleFiles;
			sourceTree = "<group>";
		};
		045FBA692644290F0067C782 /* Extensions */ = {
			isa = PBXGroup;
			children = (
				045FBA6D26442CC90067C782 /* UIKit */,
				045FBA6A2644291E0067C782 /* CoreGraphics */,
			);
			path = Extensions;
			sourceTree = "<group>";
		};
		045FBA6A2644291E0067C782 /* CoreGraphics */ = {
			isa = PBXGroup;
			children = (
				045FBA6B2644292E0067C782 /* CGPoint+Ext.swift */,
			);
			path = CoreGraphics;
			sourceTree = "<group>";
		};
		045FBA6D26442CC90067C782 /* UIKit */ = {
			isa = PBXGroup;
			children = (
				045FBA6E26442CF80067C782 /* UIScreen */,
			);
			path = UIKit;
			sourceTree = "<group>";
		};
		045FBA6E26442CF80067C782 /* UIScreen */ = {
			isa = PBXGroup;
			children = (
				045FBA6F26442D160067C782 /* UIScreen+Ext.swift */,
			);
			path = UIScreen;
			sourceTree = "<group>";
		};
		045FBA7326442EEB0067C782 /* MainVC */ = {
			isa = PBXGroup;
			children = (
				1E5C777423DEF09B00AEB4C5 /* MainVC.swift */,
				045FBA7126442EE60067C782 /* MainVCView.swift */,
			);
			path = MainVC;
			sourceTree = "<group>";
		};
		045FBA7426442EFA0067C782 /* TextExtractorVC */ = {
			isa = PBXGroup;
			children = (
				045FBA622644242A0067C782 /* TextExtractorVC.swift */,
				045FBA7526442F090067C782 /* TextExtractorVCView.swift */,
			);
			path = TextExtractorVC;
			sourceTree = "<group>";
		};
		1E5C776423DEF09A00AEB4C5 = {
			isa = PBXGroup;
			children = (
				1E5C776F23DEF09B00AEB4C5 /* VisionCreditScan */,
				1E5C776E23DEF09B00AEB4C5 /* Products */,
			);
			sourceTree = "<group>";
		};
		1E5C776E23DEF09B00AEB4C5 /* Products */ = {
			isa = PBXGroup;
			children = (
				1E5C776D23DEF09B00AEB4C5 /* VisionCreditScan.app */,
			);
			name = Products;
			sourceTree = "<group>";
		};
		1E5C776F23DEF09B00AEB4C5 /* VisionCreditScan */ = {
			isa = PBXGroup;
			children = (
				045FBA692644290F0067C782 /* Extensions */,
				045FBA64264424EA0067C782 /* AppDelegate */,
				045FBA65264424F60067C782 /* SceneDelegate */,
				045FBA68264425400067C782 /* BundleFiles */,
				045FBA67264425370067C782 /* Resources */,
				045FBA662644252D0067C782 /* UserStory */,
			);
			path = VisionCreditScan;
			sourceTree = "<group>";
		};
/* End PBXGroup section */

/* Begin PBXNativeTarget section */
		1E5C776C23DEF09B00AEB4C5 /* VisionCreditScan */ = {
			isa = PBXNativeTarget;
			buildConfigurationList = 1E5C778123DEF09F00AEB4C5 /* Build configuration list for PBXNativeTarget "VisionCreditScan" */;
			buildPhases = (
				1E5C776923DEF09B00AEB4C5 /* Sources */,
				1E5C776A23DEF09B00AEB4C5 /* Frameworks */,
				1E5C776B23DEF09B00AEB4C5 /* Resources */,
			);
			buildRules = (
			);
			dependencies = (
			);
			name = VisionCreditScan;
			productName = VisionCreditScan;
			productReference = 1E5C776D23DEF09B00AEB4C5 /* VisionCreditScan.app */;
			productType = "com.apple.product-type.application";
		};
/* End PBXNativeTarget section */

/* Begin PBXProject section */
		1E5C776523DEF09A00AEB4C5 /* Project object */ = {
			isa = PBXProject;
			attributes = {
				LastSwiftUpdateCheck = 1130;
				LastUpgradeCheck = 1130;
				ORGANIZATIONNAME = iowncode;
				TargetAttributes = {
					1E5C776C23DEF09B00AEB4C5 = {
						CreatedOnToolsVersion = 11.3;
					};
				};
			};
			buildConfigurationList = 1E5C776823DEF09A00AEB4C5 /* Build configuration list for PBXProject "VisionCreditScan" */;
			compatibilityVersion = "Xcode 9.3";
			developmentRegion = en;
			hasScannedForEncodings = 0;
			knownRegions = (
				en,
				Base,
			);
			mainGroup = 1E5C776423DEF09A00AEB4C5;
			productRefGroup = 1E5C776E23DEF09B00AEB4C5 /* Products */;
			projectDirPath = "";
			projectRoot = "";
			targets = (
				1E5C776C23DEF09B00AEB4C5 /* VisionCreditScan */,
			);
		};
/* End PBXProject section */

/* Begin PBXResourcesBuildPhase section */
		1E5C776B23DEF09B00AEB4C5 /* Resources */ = {
			isa = PBXResourcesBuildPhase;
			buildActionMask = 2147483647;
			files = (
				1E5C777D23DEF09F00AEB4C5 /* LaunchScreen.storyboard in Resources */,
				1E5C777A23DEF09F00AEB4C5 /* Assets.xcassets in Resources */,
			);
			runOnlyForDeploymentPostprocessing = 0;
		};
/* End PBXResourcesBuildPhase section */

/* Begin PBXSourcesBuildPhase section */
		1E5C776923DEF09B00AEB4C5 /* Sources */ = {
			isa = PBXSourcesBuildPhase;
			buildActionMask = 2147483647;
			files = (
				1E5C777523DEF09B00AEB4C5 /* MainVC.swift in Sources */,
				045FBA7626442F090067C782 /* TextExtractorVCView.swift in Sources */,
				045FBA7026442D160067C782 /* UIScreen+Ext.swift in Sources */,
				045FBA6C2644292E0067C782 /* CGPoint+Ext.swift in Sources */,
				1E5C777123DEF09B00AEB4C5 /* AppDelegate.swift in Sources */,
				045FBA7226442EE60067C782 /* MainVCView.swift in Sources */,
				045FBA632644242A0067C782 /* TextExtractorVC.swift in Sources */,
				1E5C777323DEF09B00AEB4C5 /* SceneDelegate.swift in Sources */,
			);
			runOnlyForDeploymentPostprocessing = 0;
		};
/* End PBXSourcesBuildPhase section */

/* Begin PBXVariantGroup section */
		1E5C777B23DEF09F00AEB4C5 /* LaunchScreen.storyboard */ = {
			isa = PBXVariantGroup;
			children = (
				1E5C777C23DEF09F00AEB4C5 /* Base */,
			);
			name = LaunchScreen.storyboard;
			sourceTree = "<group>";
		};
/* End PBXVariantGroup section */

/* Begin XCBuildConfiguration section */
		1E5C777F23DEF09F00AEB4C5 /* Debug */ = {
			isa = XCBuildConfiguration;
			buildSettings = {
				ALWAYS_SEARCH_USER_PATHS = NO;
				CLANG_ANALYZER_NONNULL = YES;
				CLANG_ANALYZER_NUMBER_OBJECT_CONVERSION = YES_AGGRESSIVE;
				CLANG_CXX_LANGUAGE_STANDARD = "gnu++14";
				CLANG_CXX_LIBRARY = "libc++";
				CLANG_ENABLE_MODULES = YES;
				CLANG_ENABLE_OBJC_ARC = YES;
				CLANG_ENABLE_OBJC_WEAK = YES;
				CLANG_WARN_BLOCK_CAPTURE_AUTORELEASING = YES;
				CLANG_WARN_BOOL_CONVERSION = YES;
				CLANG_WARN_COMMA = YES;
				CLANG_WARN_CONSTANT_CONVERSION = YES;
				CLANG_WARN_DEPRECATED_OBJC_IMPLEMENTATIONS = YES;
				CLANG_WARN_DIRECT_OBJC_ISA_USAGE = YES_ERROR;
				CLANG_WARN_DOCUMENTATION_COMMENTS = YES;
				CLANG_WARN_EMPTY_BODY = YES;
				CLANG_WARN_ENUM_CONVERSION = YES;
				CLANG_WARN_INFINITE_RECURSION = YES;
				CLANG_WARN_INT_CONVERSION = YES;
				CLANG_WARN_NON_LITERAL_NULL_CONVERSION = YES;
				CLANG_WARN_OBJC_IMPLICIT_RETAIN_SELF = YES;
				CLANG_WARN_OBJC_LITERAL_CONVERSION = YES;
				CLANG_WARN_OBJC_ROOT_CLASS = YES_ERROR;
				CLANG_WARN_RANGE_LOOP_ANALYSIS = YES;
				CLANG_WARN_STRICT_PROTOTYPES = YES;
				CLANG_WARN_SUSPICIOUS_MOVE = YES;
				CLANG_WARN_UNGUARDED_AVAILABILITY = YES_AGGRESSIVE;
				CLANG_WARN_UNREACHABLE_CODE = YES;
				CLANG_WARN__DUPLICATE_METHOD_MATCH = YES;
				COPY_PHASE_STRIP = NO;
				DEBUG_INFORMATION_FORMAT = dwarf;
				ENABLE_STRICT_OBJC_MSGSEND = YES;
				ENABLE_TESTABILITY = YES;
				GCC_C_LANGUAGE_STANDARD = gnu11;
				GCC_DYNAMIC_NO_PIC = NO;
				GCC_NO_COMMON_BLOCKS = YES;
				GCC_OPTIMIZATION_LEVEL = 0;
				GCC_PREPROCESSOR_DEFINITIONS = (
					"DEBUG=1",
					"$(inherited)",
				);
				GCC_WARN_64_TO_32_BIT_CONVERSION = YES;
				GCC_WARN_ABOUT_RETURN_TYPE = YES_ERROR;
				GCC_WARN_UNDECLARED_SELECTOR = YES;
				GCC_WARN_UNINITIALIZED_AUTOS = YES_AGGRESSIVE;
				GCC_WARN_UNUSED_FUNCTION = YES;
				GCC_WARN_UNUSED_VARIABLE = YES;
				IPHONEOS_DEPLOYMENT_TARGET = 13.0;
				MTL_ENABLE_DEBUG_INFO = INCLUDE_SOURCE;
				MTL_FAST_MATH = YES;
				ONLY_ACTIVE_ARCH = YES;
				SDKROOT = iphoneos;
				SWIFT_ACTIVE_COMPILATION_CONDITIONS = DEBUG;
				SWIFT_OPTIMIZATION_LEVEL = "-Onone";
			};
			name = Debug;
		};
		1E5C778023DEF09F00AEB4C5 /* Release */ = {
			isa = XCBuildConfiguration;
			buildSettings = {
				ALWAYS_SEARCH_USER_PATHS = NO;
				CLANG_ANALYZER_NONNULL = YES;
				CLANG_ANALYZER_NUMBER_OBJECT_CONVERSION = YES_AGGRESSIVE;
				CLANG_CXX_LANGUAGE_STANDARD = "gnu++14";
				CLANG_CXX_LIBRARY = "libc++";
				CLANG_ENABLE_MODULES = YES;
				CLANG_ENABLE_OBJC_ARC = YES;
				CLANG_ENABLE_OBJC_WEAK = YES;
				CLANG_WARN_BLOCK_CAPTURE_AUTORELEASING = YES;
				CLANG_WARN_BOOL_CONVERSION = YES;
				CLANG_WARN_COMMA = YES;
				CLANG_WARN_CONSTANT_CONVERSION = YES;
				CLANG_WARN_DEPRECATED_OBJC_IMPLEMENTATIONS = YES;
				CLANG_WARN_DIRECT_OBJC_ISA_USAGE = YES_ERROR;
				CLANG_WARN_DOCUMENTATION_COMMENTS = YES;
				CLANG_WARN_EMPTY_BODY = YES;
				CLANG_WARN_ENUM_CONVERSION = YES;
				CLANG_WARN_INFINITE_RECURSION = YES;
				CLANG_WARN_INT_CONVERSION = YES;
				CLANG_WARN_NON_LITERAL_NULL_CONVERSION = YES;
				CLANG_WARN_OBJC_IMPLICIT_RETAIN_SELF = YES;
				CLANG_WARN_OBJC_LITERAL_CONVERSION = YES;
				CLANG_WARN_OBJC_ROOT_CLASS = YES_ERROR;
				CLANG_WARN_RANGE_LOOP_ANALYSIS = YES;
				CLANG_WARN_STRICT_PROTOTYPES = YES;
				CLANG_WARN_SUSPICIOUS_MOVE = YES;
				CLANG_WARN_UNGUARDED_AVAILABILITY = YES_AGGRESSIVE;
				CLANG_WARN_UNREACHABLE_CODE = YES;
				CLANG_WARN__DUPLICATE_METHOD_MATCH = YES;
				COPY_PHASE_STRIP = NO;
				DEBUG_INFORMATION_FORMAT = "dwarf-with-dsym";
				ENABLE_NS_ASSERTIONS = NO;
				ENABLE_STRICT_OBJC_MSGSEND = YES;
				GCC_C_LANGUAGE_STANDARD = gnu11;
				GCC_NO_COMMON_BLOCKS = YES;
				GCC_WARN_64_TO_32_BIT_CONVERSION = YES;
				GCC_WARN_ABOUT_RETURN_TYPE = YES_ERROR;
				GCC_WARN_UNDECLARED_SELECTOR = YES;
				GCC_WARN_UNINITIALIZED_AUTOS = YES_AGGRESSIVE;
				GCC_WARN_UNUSED_FUNCTION = YES;
				GCC_WARN_UNUSED_VARIABLE = YES;
				IPHONEOS_DEPLOYMENT_TARGET = 13.0;
				MTL_ENABLE_DEBUG_INFO = NO;
				MTL_FAST_MATH = YES;
				SDKROOT = iphoneos;
				SWIFT_COMPILATION_MODE = wholemodule;
				SWIFT_OPTIMIZATION_LEVEL = "-O";
				VALIDATE_PRODUCT = YES;
			};
			name = Release;
		};
		1E5C778223DEF09F00AEB4C5 /* Debug */ = {
			isa = XCBuildConfiguration;
			buildSettings = {
				ASSETCATALOG_COMPILER_APPICON_NAME = AppIcon;
				CODE_SIGN_STYLE = Automatic;
				DEVELOPMENT_TEAM = 8536254M73;
				INFOPLIST_FILE = "$(SRCROOT)/VisionCreditScan/BundleFiles/Info.plist";
				IPHONEOS_DEPLOYMENT_TARGET = 13.0;
				LD_RUNPATH_SEARCH_PATHS = (
					"$(inherited)",
					"@executable_path/Frameworks",
				);
				PRODUCT_BUNDLE_IDENTIFIER = "com.serglam.vision-credit-scan";
				PRODUCT_NAME = "$(TARGET_NAME)";
				SWIFT_VERSION = 5.0;
				TARGETED_DEVICE_FAMILY = "1,2";
			};
			name = Debug;
		};
		1E5C778323DEF09F00AEB4C5 /* Release */ = {
			isa = XCBuildConfiguration;
			buildSettings = {
				ASSETCATALOG_COMPILER_APPICON_NAME = AppIcon;
				CODE_SIGN_STYLE = Automatic;
				DEVELOPMENT_TEAM = 8536254M73;
				INFOPLIST_FILE = "$(SRCROOT)/VisionCreditScan/BundleFiles/Info.plist";
				IPHONEOS_DEPLOYMENT_TARGET = 13.0;
				LD_RUNPATH_SEARCH_PATHS = (
					"$(inherited)",
					"@executable_path/Frameworks",
				);
				PRODUCT_BUNDLE_IDENTIFIER = "com.serglam.vision-credit-scan";
				PRODUCT_NAME = "$(TARGET_NAME)";
				SWIFT_VERSION = 5.0;
				TARGETED_DEVICE_FAMILY = "1,2";
			};
			name = Release;
		};
/* End XCBuildConfiguration section */

/* Begin XCConfigurationList section */
		1E5C776823DEF09A00AEB4C5 /* Build configuration list for PBXProject "VisionCreditScan" */ = {
			isa = XCConfigurationList;
			buildConfigurations = (
				1E5C777F23DEF09F00AEB4C5 /* Debug */,
				1E5C778023DEF09F00AEB4C5 /* Release */,
			);
			defaultConfigurationIsVisible = 0;
			defaultConfigurationName = Release;
		};
		1E5C778123DEF09F00AEB4C5 /* Build configuration list for PBXNativeTarget "VisionCreditScan" */ = {
			isa = XCConfigurationList;
			buildConfigurations = (
				1E5C778223DEF09F00AEB4C5 /* Debug */,
				1E5C778323DEF09F00AEB4C5 /* Release */,
			);
			defaultConfigurationIsVisible = 0;
			defaultConfigurationName = Release;
		};
/* End XCConfigurationList section */
	};
	rootObject = 1E5C776523DEF09A00AEB4C5 /* Project object */;
}
